// !$*UTF8*$!
{
	archiveVersion = 1;
	classes = {
	};
	objectVersion = 56;
	objects = {

/* Begin PBXBuildFile section */
		B1E183642A10A3780073976A /* AppDelegate.swift in Sources */ = {isa = PBXBuildFile; fileRef = B1E183632A10A3780073976A /* AppDelegate.swift */; };
		B1E183662A10A3780073976A /* SceneDelegate.swift in Sources */ = {isa = PBXBuildFile; fileRef = B1E183652A10A3780073976A /* SceneDelegate.swift */; };
		B1E183682A10A3780073976A /* ViewController.swift in Sources */ = {isa = PBXBuildFile; fileRef = B1E183672A10A3780073976A /* ViewController.swift */; };
		B1E1836B2A10A3780073976A /* Main.storyboard in Resources */ = {isa = PBXBuildFile; fileRef = B1E183692A10A3780073976A /* Main.storyboard */; };
		B1E1836D2A10A37A0073976A /* Assets.xcassets in Resources */ = {isa = PBXBuildFile; fileRef = B1E1836C2A10A37A0073976A /* Assets.xcassets */; };
		B1E183702A10A37A0073976A /* LaunchScreen.storyboard in Resources */ = {isa = PBXBuildFile; fileRef = B1E1836E2A10A37A0073976A /* LaunchScreen.storyboard */; };
		B1E1837B2A10A37B0073976A /* UnplashWithCacheTests.swift in Sources */ = {isa = PBXBuildFile; fileRef = B1E1837A2A10A37B0073976A /* UnplashWithCacheTests.swift */; };
		B1E183852A10A37B0073976A /* UnplashWithCacheUITests.swift in Sources */ = {isa = PBXBuildFile; fileRef = B1E183842A10A37B0073976A /* UnplashWithCacheUITests.swift */; };
		B1E183872A10A37B0073976A /* UnplashWithCacheUITestsLaunchTests.swift in Sources */ = {isa = PBXBuildFile; fileRef = B1E183862A10A37B0073976A /* UnplashWithCacheUITestsLaunchTests.swift */; };
		B1E183942A10A4160073976A /* PostModels.swift in Sources */ = {isa = PBXBuildFile; fileRef = B1E183932A10A4160073976A /* PostModels.swift */; };
		B1E183962A10A4440073976A /* NetworkManager.swift in Sources */ = {isa = PBXBuildFile; fileRef = B1E183952A10A4440073976A /* NetworkManager.swift */; };
		B1E183982A10A49C0073976A /* ImageCollectionViewCell.swift in Sources */ = {isa = PBXBuildFile; fileRef = B1E183972A10A49C0073976A /* ImageCollectionViewCell.swift */; };
/* End PBXBuildFile section */

/* Begin PBXContainerItemProxy section */
		B1E183772A10A37B0073976A /* PBXContainerItemProxy */ = {
			isa = PBXContainerItemProxy;
			containerPortal = B1E183582A10A3780073976A /* Project object */;
			proxyType = 1;
			remoteGlobalIDString = B1E1835F2A10A3780073976A;
			remoteInfo = UnplashWithCache;
		};
		B1E183812A10A37B0073976A /* PBXContainerItemProxy */ = {
			isa = PBXContainerItemProxy;
			containerPortal = B1E183582A10A3780073976A /* Project object */;
			proxyType = 1;
			remoteGlobalIDString = B1E1835F2A10A3780073976A;
			remoteInfo = UnplashWithCache;
		};
/* End PBXContainerItemProxy section */

/* Begin PBXFileReference section */
		B1E183602A10A3780073976A /* UnplashWithCache.app */ = {isa = PBXFileReference; explicitFileType = wrapper.application; includeInIndex = 0; path = UnplashWithCache.app; sourceTree = BUILT_PRODUCTS_DIR; };
		B1E183632A10A3780073976A /* AppDelegate.swift */ = {isa = PBXFileReference; lastKnownFileType = sourcecode.swift; path = AppDelegate.swift; sourceTree = "<group>"; };
		B1E183652A10A3780073976A /* SceneDelegate.swift */ = {isa = PBXFileReference; lastKnownFileType = sourcecode.swift; path = SceneDelegate.swift; sourceTree = "<group>"; };
		B1E183672A10A3780073976A /* ViewController.swift */ = {isa = PBXFileReference; lastKnownFileType = sourcecode.swift; path = ViewController.swift; sourceTree = "<group>"; };
		B1E1836A2A10A3780073976A /* Base */ = {isa = PBXFileReference; lastKnownFileType = file.storyboard; name = Base; path = Base.lproj/Main.storyboard; sourceTree = "<group>"; };
		B1E1836C2A10A37A0073976A /* Assets.xcassets */ = {isa = PBXFileReference; lastKnownFileType = folder.assetcatalog; path = Assets.xcassets; sourceTree = "<group>"; };
		B1E1836F2A10A37A0073976A /* Base */ = {isa = PBXFileReference; lastKnownFileType = file.storyboard; name = Base; path = Base.lproj/LaunchScreen.storyboard; sourceTree = "<group>"; };
		B1E183712A10A37A0073976A /* Info.plist */ = {isa = PBXFileReference; lastKnownFileType = text.plist.xml; path = Info.plist; sourceTree = "<group>"; };
		B1E183762A10A37B0073976A /* UnplashWithCacheTests.xctest */ = {isa = PBXFileReference; explicitFileType = wrapper.cfbundle; includeInIndex = 0; path = UnplashWithCacheTests.xctest; sourceTree = BUILT_PRODUCTS_DIR; };
		B1E1837A2A10A37B0073976A /* UnplashWithCacheTests.swift */ = {isa = PBXFileReference; lastKnownFileType = sourcecode.swift; path = UnplashWithCacheTests.swift; sourceTree = "<group>"; };
		B1E183802A10A37B0073976A /* UnplashWithCacheUITests.xctest */ = {isa = PBXFileReference; explicitFileType = wrapper.cfbundle; includeInIndex = 0; path = UnplashWithCacheUITests.xctest; sourceTree = BUILT_PRODUCTS_DIR; };
		B1E183842A10A37B0073976A /* UnplashWithCacheUITests.swift */ = {isa = PBXFileReference; lastKnownFileType = sourcecode.swift; path = UnplashWithCacheUITests.swift; sourceTree = "<group>"; };
		B1E183862A10A37B0073976A /* UnplashWithCacheUITestsLaunchTests.swift */ = {isa = PBXFileReference; lastKnownFileType = sourcecode.swift; path = UnplashWithCacheUITestsLaunchTests.swift; sourceTree = "<group>"; };
		B1E183932A10A4160073976A /* PostModels.swift */ = {isa = PBXFileReference; lastKnownFileType = sourcecode.swift; path = PostModels.swift; sourceTree = "<group>"; };
		B1E183952A10A4440073976A /* NetworkManager.swift */ = {isa = PBXFileReference; lastKnownFileType = sourcecode.swift; path = NetworkManager.swift; sourceTree = "<group>"; };
		B1E183972A10A49C0073976A /* ImageCollectionViewCell.swift */ = {isa = PBXFileReference; lastKnownFileType = sourcecode.swift; path = ImageCollectionViewCell.swift; sourceTree = "<group>"; };
/* End PBXFileReference section */

/* Begin PBXFrameworksBuildPhase section */
		B1E1835D2A10A3780073976A /* Frameworks */ = {
			isa = PBXFrameworksBuildPhase;
			buildActionMask = 2147483647;
			files = (
			);
			runOnlyForDeploymentPostprocessing = 0;
		};
		B1E183732A10A37B0073976A /* Frameworks */ = {
			isa = PBXFrameworksBuildPhase;
			buildActionMask = 2147483647;
			files = (
			);
			runOnlyForDeploymentPostprocessing = 0;
		};
		B1E1837D2A10A37B0073976A /* Frameworks */ = {
			isa = PBXFrameworksBuildPhase;
			buildActionMask = 2147483647;
			files = (
			);
			runOnlyForDeploymentPostprocessing = 0;
		};
/* End PBXFrameworksBuildPhase section */

/* Begin PBXGroup section */
		B1E183572A10A3780073976A = {
			isa = PBXGroup;
			children = (
				B1E183622A10A3780073976A /* UnplashWithCache */,
				B1E183792A10A37B0073976A /* UnplashWithCacheTests */,
				B1E183832A10A37B0073976A /* UnplashWithCacheUITests */,
				B1E183612A10A3780073976A /* Products */,
			);
			sourceTree = "<group>";
		};
		B1E183612A10A3780073976A /* Products */ = {
			isa = PBXGroup;
			children = (
				B1E183602A10A3780073976A /* UnplashWithCache.app */,
				B1E183762A10A37B0073976A /* UnplashWithCacheTests.xctest */,
				B1E183802A10A37B0073976A /* UnplashWithCacheUITests.xctest */,
			);
			name = Products;
			sourceTree = "<group>";
		};
		B1E183622A10A3780073976A /* UnplashWithCache */ = {
			isa = PBXGroup;
			children = (
				B1E183632A10A3780073976A /* AppDelegate.swift */,
				B1E183652A10A3780073976A /* SceneDelegate.swift */,
				B1E183672A10A3780073976A /* ViewController.swift */,
				B1E183932A10A4160073976A /* PostModels.swift */,
				B1E183952A10A4440073976A /* NetworkManager.swift */,
				B1E183972A10A49C0073976A /* ImageCollectionViewCell.swift */,
				B1E183692A10A3780073976A /* Main.storyboard */,
				B1E1836C2A10A37A0073976A /* Assets.xcassets */,
				B1E1836E2A10A37A0073976A /* LaunchScreen.storyboard */,
				B1E183712A10A37A0073976A /* Info.plist */,
			);
			path = UnplashWithCache;
			sourceTree = "<group>";
		};
		B1E183792A10A37B0073976A /* UnplashWithCacheTests */ = {
			isa = PBXGroup;
			children = (
				B1E1837A2A10A37B0073976A /* UnplashWithCacheTests.swift */,
			);
			path = UnplashWithCacheTests;
			sourceTree = "<group>";
		};
		B1E183832A10A37B0073976A /* UnplashWithCacheUITests */ = {
			isa = PBXGroup;
			children = (
				B1E183842A10A37B0073976A /* UnplashWithCacheUITests.swift */,
				B1E183862A10A37B0073976A /* UnplashWithCacheUITestsLaunchTests.swift */,
			);
			path = UnplashWithCacheUITests;
			sourceTree = "<group>";
		};
/* End PBXGroup section */

/* Begin PBXNativeTarget section */
		B1E1835F2A10A3780073976A /* UnplashWithCache */ = {
			isa = PBXNativeTarget;
			buildConfigurationList = B1E1838A2A10A37B0073976A /* Build configuration list for PBXNativeTarget "UnplashWithCache" */;
			buildPhases = (
				B1E1835C2A10A3780073976A /* Sources */,
				B1E1835D2A10A3780073976A /* Frameworks */,
				B1E1835E2A10A3780073976A /* Resources */,
			);
			buildRules = (
			);
			dependencies = (
			);
			name = UnplashWithCache;
			productName = UnplashWithCache;
			productReference = B1E183602A10A3780073976A /* UnplashWithCache.app */;
			productType = "com.apple.product-type.application";
		};
		B1E183752A10A37B0073976A /* UnplashWithCacheTests */ = {
			isa = PBXNativeTarget;
			buildConfigurationList = B1E1838D2A10A37B0073976A /* Build configuration list for PBXNativeTarget "UnplashWithCacheTests" */;
			buildPhases = (
				B1E183722A10A37B0073976A /* Sources */,
				B1E183732A10A37B0073976A /* Frameworks */,
				B1E183742A10A37B0073976A /* Resources */,
			);
			buildRules = (
			);
			dependencies = (
				B1E183782A10A37B0073976A /* PBXTargetDependency */,
			);
			name = UnplashWithCacheTests;
			productName = UnplashWithCacheTests;
			productReference = B1E183762A10A37B0073976A /* UnplashWithCacheTests.xctest */;
			productType = "com.apple.product-type.bundle.unit-test";
		};
		B1E1837F2A10A37B0073976A /* UnplashWithCacheUITests */ = {
			isa = PBXNativeTarget;
			buildConfigurationList = B1E183902A10A37B0073976A /* Build configuration list for PBXNativeTarget "UnplashWithCacheUITests" */;
			buildPhases = (
				B1E1837C2A10A37B0073976A /* Sources */,
				B1E1837D2A10A37B0073976A /* Frameworks */,
				B1E1837E2A10A37B0073976A /* Resources */,
			);
			buildRules = (
			);
			dependencies = (
				B1E183822A10A37B0073976A /* PBXTargetDependency */,
			);
			name = UnplashWithCacheUITests;
			productName = UnplashWithCacheUITests;
			productReference = B1E183802A10A37B0073976A /* UnplashWithCacheUITests.xctest */;
			productType = "com.apple.product-type.bundle.ui-testing";
		};
/* End PBXNativeTarget section */

/* Begin PBXProject section */
		B1E183582A10A3780073976A /* Project object */ = {
			isa = PBXProject;
			attributes = {
				BuildIndependentTargetsInParallel = 1;
				LastSwiftUpdateCheck = 1420;
				LastUpgradeCheck = 1420;
				TargetAttributes = {
					B1E1835F2A10A3780073976A = {
						CreatedOnToolsVersion = 14.2;
					};
					B1E183752A10A37B0073976A = {
						CreatedOnToolsVersion = 14.2;
						TestTargetID = B1E1835F2A10A3780073976A;
					};
					B1E1837F2A10A37B0073976A = {
						CreatedOnToolsVersion = 14.2;
						TestTargetID = B1E1835F2A10A3780073976A;
					};
				};
			};
			buildConfigurationList = B1E1835B2A10A3780073976A /* Build configuration list for PBXProject "UnplashWithCache" */;
			compatibilityVersion = "Xcode 14.0";
			developmentRegion = en;
			hasScannedForEncodings = 0;
			knownRegions = (
				en,
				Base,
			);
			mainGroup = B1E183572A10A3780073976A;
			productRefGroup = B1E183612A10A3780073976A /* Products */;
			projectDirPath = "";
			projectRoot = "";
			targets = (
				B1E1835F2A10A3780073976A /* UnplashWithCache */,
				B1E183752A10A37B0073976A /* UnplashWithCacheTests */,
				B1E1837F2A10A37B0073976A /* UnplashWithCacheUITests */,
			);
		};
/* End PBXProject section */

/* Begin PBXResourcesBuildPhase section */
		B1E1835E2A10A3780073976A /* Resources */ = {
			isa = PBXResourcesBuildPhase;
			buildActionMask = 2147483647;
			files = (
				B1E183702A10A37A0073976A /* LaunchScreen.storyboard in Resources */,
				B1E1836D2A10A37A0073976A /* Assets.xcassets in Resources */,
				B1E1836B2A10A3780073976A /* Main.storyboard in Resources */,
			);
			runOnlyForDeploymentPostprocessing = 0;
		};
		B1E183742A10A37B0073976A /* Resources */ = {
			isa = PBXResourcesBuildPhase;
			buildActionMask = 2147483647;
			files = (
			);
			runOnlyForDeploymentPostprocessing = 0;
		};
		B1E1837E2A10A37B0073976A /* Resources */ = {
			isa = PBXResourcesBuildPhase;
			buildActionMask = 2147483647;
			files = (
			);
			runOnlyForDeploymentPostprocessing = 0;
		};
/* End PBXResourcesBuildPhase section */

/* Begin PBXSourcesBuildPhase section */
		B1E1835C2A10A3780073976A /* Sources */ = {
			isa = PBXSourcesBuildPhase;
			buildActionMask = 2147483647;
			files = (
				B1E183982A10A49C0073976A /* ImageCollectionViewCell.swift in Sources */,
				B1E183682A10A3780073976A /* ViewController.swift in Sources */,
				B1E183942A10A4160073976A /* PostModels.swift in Sources */,
				B1E183962A10A4440073976A /* NetworkManager.swift in Sources */,
				B1E183642A10A3780073976A /* AppDelegate.swift in Sources */,
				B1E183662A10A3780073976A /* SceneDelegate.swift in Sources */,
			);
			runOnlyForDeploymentPostprocessing = 0;
		};
		B1E183722A10A37B0073976A /* Sources */ = {
			isa = PBXSourcesBuildPhase;
			buildActionMask = 2147483647;
			files = (
				B1E1837B2A10A37B0073976A /* UnplashWithCacheTests.swift in Sources */,
			);
			runOnlyForDeploymentPostprocessing = 0;
		};
		B1E1837C2A10A37B0073976A /* Sources */ = {
			isa = PBXSourcesBuildPhase;
			buildActionMask = 2147483647;
			files = (
				B1E183852A10A37B0073976A /* UnplashWithCacheUITests.swift in Sources */,
				B1E183872A10A37B0073976A /* UnplashWithCacheUITestsLaunchTests.swift in Sources */,
			);
			runOnlyForDeploymentPostprocessing = 0;
		};
/* End PBXSourcesBuildPhase section */

/* Begin PBXTargetDependency section */
		B1E183782A10A37B0073976A /* PBXTargetDependency */ = {
			isa = PBXTargetDependency;
			target = B1E1835F2A10A3780073976A /* UnplashWithCache */;
			targetProxy = B1E183772A10A37B0073976A /* PBXContainerItemProxy */;
		};
		B1E183822A10A37B0073976A /* PBXTargetDependency */ = {
			isa = PBXTargetDependency;
			target = B1E1835F2A10A3780073976A /* UnplashWithCache */;
			targetProxy = B1E183812A10A37B0073976A /* PBXContainerItemProxy */;
		};
/* End PBXTargetDependency section */

/* Begin PBXVariantGroup section */
		B1E183692A10A3780073976A /* Main.storyboard */ = {
			isa = PBXVariantGroup;
			children = (
				B1E1836A2A10A3780073976A /* Base */,
			);
			name = Main.storyboard;
			sourceTree = "<group>";
		};
		B1E1836E2A10A37A0073976A /* LaunchScreen.storyboard */ = {
			isa = PBXVariantGroup;
			children = (
				B1E1836F2A10A37A0073976A /* Base */,
			);
			name = LaunchScreen.storyboard;
			sourceTree = "<group>";
		};
/* End PBXVariantGroup section */

/* Begin XCBuildConfiguration section */
		B1E183882A10A37B0073976A /* Debug */ = {
			isa = XCBuildConfiguration;
			buildSettings = {
				ALWAYS_SEARCH_USER_PATHS = NO;
				CLANG_ANALYZER_NONNULL = YES;
				CLANG_ANALYZER_NUMBER_OBJECT_CONVERSION = YES_AGGRESSIVE;
				CLANG_CXX_LANGUAGE_STANDARD = "gnu++20";
				CLANG_ENABLE_MODULES = YES;
				CLANG_ENABLE_OBJC_ARC = YES;
				CLANG_ENABLE_OBJC_WEAK = YES;
				CLANG_WARN_BLOCK_CAPTURE_AUTORELEASING = YES;
				CLANG_WARN_BOOL_CONVERSION = YES;
				CLANG_WARN_COMMA = YES;
				CLANG_WARN_CONSTANT_CONVERSION = YES;
				CLANG_WARN_DEPRECATED_OBJC_IMPLEMENTATIONS = YES;
				CLANG_WARN_DIRECT_OBJC_ISA_USAGE = YES_ERROR;
				CLANG_WARN_DOCUMENTATION_COMMENTS = YES;
				CLANG_WARN_EMPTY_BODY = YES;
				CLANG_WARN_ENUM_CONVERSION = YES;
				CLANG_WARN_INFINITE_RECURSION = YES;
				CLANG_WARN_INT_CONVERSION = YES;
				CLANG_WARN_NON_LITERAL_NULL_CONVERSION = YES;
				CLANG_WARN_OBJC_IMPLICIT_RETAIN_SELF = YES;
				CLANG_WARN_OBJC_LITERAL_CONVERSION = YES;
				CLANG_WARN_OBJC_ROOT_CLASS = YES_ERROR;
				CLANG_WARN_QUOTED_INCLUDE_IN_FRAMEWORK_HEADER = YES;
				CLANG_WARN_RANGE_LOOP_ANALYSIS = YES;
				CLANG_WARN_STRICT_PROTOTYPES = YES;
				CLANG_WARN_SUSPICIOUS_MOVE = YES;
				CLANG_WARN_UNGUARDED_AVAILABILITY = YES_AGGRESSIVE;
				CLANG_WARN_UNREACHABLE_CODE = YES;
				CLANG_WARN__DUPLICATE_METHOD_MATCH = YES;
				COPY_PHASE_STRIP = NO;
				DEBUG_INFORMATION_FORMAT = dwarf;
				ENABLE_STRICT_OBJC_MSGSEND = YES;
				ENABLE_TESTABILITY = YES;
				GCC_C_LANGUAGE_STANDARD = gnu11;
				GCC_DYNAMIC_NO_PIC = NO;
				GCC_NO_COMMON_BLOCKS = YES;
				GCC_OPTIMIZATION_LEVEL = 0;
				GCC_PREPROCESSOR_DEFINITIONS = (
					"DEBUG=1",
					"$(inherited)",
				);
				GCC_WARN_64_TO_32_BIT_CONVERSION = YES;
				GCC_WARN_ABOUT_RETURN_TYPE = YES_ERROR;
				GCC_WARN_UNDECLARED_SELECTOR = YES;
				GCC_WARN_UNINITIALIZED_AUTOS = YES_AGGRESSIVE;
				GCC_WARN_UNUSED_FUNCTION = YES;
				GCC_WARN_UNUSED_VARIABLE = YES;
				IPHONEOS_DEPLOYMENT_TARGET = 16.2;
				MTL_ENABLE_DEBUG_INFO = INCLUDE_SOURCE;
				MTL_FAST_MATH = YES;
				ONLY_ACTIVE_ARCH = YES;
				SDKROOT = iphoneos;
				SWIFT_ACTIVE_COMPILATION_CONDITIONS = DEBUG;
				SWIFT_OPTIMIZATION_LEVEL = "-Onone";
			};
			name = Debug;
		};
		B1E183892A10A37B0073976A /* Release */ = {
			isa = XCBuildConfiguration;
			buildSettings = {
				ALWAYS_SEARCH_USER_PATHS = NO;
				CLANG_ANALYZER_NONNULL = YES;
				CLANG_ANALYZER_NUMBER_OBJECT_CONVERSION = YES_AGGRESSIVE;
				CLANG_CXX_LANGUAGE_STANDARD = "gnu++20";
				CLANG_ENABLE_MODULES = YES;
				CLANG_ENABLE_OBJC_ARC = YES;
				CLANG_ENABLE_OBJC_WEAK = YES;
				CLANG_WARN_BLOCK_CAPTURE_AUTORELEASING = YES;
				CLANG_WARN_BOOL_CONVERSION = YES;
				CLANG_WARN_COMMA = YES;
				CLANG_WARN_CONSTANT_CONVERSION = YES;
				CLANG_WARN_DEPRECATED_OBJC_IMPLEMENTATIONS = YES;
				CLANG_WARN_DIRECT_OBJC_ISA_USAGE = YES_ERROR;
				CLANG_WARN_DOCUMENTATION_COMMENTS = YES;
				CLANG_WARN_EMPTY_BODY = YES;
				CLANG_WARN_ENUM_CONVERSION = YES;
				CLANG_WARN_INFINITE_RECURSION = YES;
				CLANG_WARN_INT_CONVERSION = YES;
				CLANG_WARN_NON_LITERAL_NULL_CONVERSION = YES;
				CLANG_WARN_OBJC_IMPLICIT_RETAIN_SELF = YES;
				CLANG_WARN_OBJC_LITERAL_CONVERSION = YES;
				CLANG_WARN_OBJC_ROOT_CLASS = YES_ERROR;
				CLANG_WARN_QUOTED_INCLUDE_IN_FRAMEWORK_HEADER = YES;
				CLANG_WARN_RANGE_LOOP_ANALYSIS = YES;
				CLANG_WARN_STRICT_PROTOTYPES = YES;
				CLANG_WARN_SUSPICIOUS_MOVE = YES;
				CLANG_WARN_UNGUARDED_AVAILABILITY = YES_AGGRESSIVE;
				CLANG_WARN_UNREACHABLE_CODE = YES;
				CLANG_WARN__DUPLICATE_METHOD_MATCH = YES;
				COPY_PHASE_STRIP = NO;
				DEBUG_INFORMATION_FORMAT = "dwarf-with-dsym";
				ENABLE_NS_ASSERTIONS = NO;
				ENABLE_STRICT_OBJC_MSGSEND = YES;
				GCC_C_LANGUAGE_STANDARD = gnu11;
				GCC_NO_COMMON_BLOCKS = YES;
				GCC_WARN_64_TO_32_BIT_CONVERSION = YES;
				GCC_WARN_ABOUT_RETURN_TYPE = YES_ERROR;
				GCC_WARN_UNDECLARED_SELECTOR = YES;
				GCC_WARN_UNINITIALIZED_AUTOS = YES_AGGRESSIVE;
				GCC_WARN_UNUSED_FUNCTION = YES;
				GCC_WARN_UNUSED_VARIABLE = YES;
				IPHONEOS_DEPLOYMENT_TARGET = 16.2;
				MTL_ENABLE_DEBUG_INFO = NO;
				MTL_FAST_MATH = YES;
				SDKROOT = iphoneos;
				SWIFT_COMPILATION_MODE = wholemodule;
				SWIFT_OPTIMIZATION_LEVEL = "-O";
				VALIDATE_PRODUCT = YES;
			};
			name = Release;
		};
		B1E1838B2A10A37B0073976A /* Debug */ = {
			isa = XCBuildConfiguration;
			buildSettings = {
				ASSETCATALOG_COMPILER_APPICON_NAME = AppIcon;
				ASSETCATALOG_COMPILER_GLOBAL_ACCENT_COLOR_NAME = AccentColor;
				CODE_SIGN_STYLE = Automatic;
				CURRENT_PROJECT_VERSION = 1;
				DEVELOPMENT_TEAM = RPD5SKQZ8T;
				GENERATE_INFOPLIST_FILE = YES;
				INFOPLIST_FILE = UnplashWithCache/Info.plist;
				INFOPLIST_KEY_CFBundleDisplayName = Unplash;
				INFOPLIST_KEY_UIApplicationSupportsIndirectInputEvents = YES;
				INFOPLIST_KEY_UILaunchStoryboardName = LaunchScreen;
				INFOPLIST_KEY_UIMainStoryboardFile = Main;
				INFOPLIST_KEY_UISupportedInterfaceOrientations_iPad = "UIInterfaceOrientationPortrait UIInterfaceOrientationPortraitUpsideDown UIInterfaceOrientationLandscapeLeft UIInterfaceOrientationLandscapeRight";
				INFOPLIST_KEY_UISupportedInterfaceOrientations_iPhone = "UIInterfaceOrientationPortrait UIInterfaceOrientationLandscapeLeft UIInterfaceOrientationLandscapeRight";
				LD_RUNPATH_SEARCH_PATHS = (
					"$(inherited)",
					"@executable_path/Frameworks",
				);
				MARKETING_VERSION = 1.0;
				PRODUCT_BUNDLE_IDENTIFIER = com.rafiulhasan.UnplashWithCache;
				PRODUCT_NAME = "$(TARGET_NAME)";
				SWIFT_EMIT_LOC_STRINGS = YES;
				SWIFT_VERSION = 5.0;
				TARGETED_DEVICE_FAMILY = "1,2";
			};
			name = Debug;
		};
		B1E1838C2A10A37B0073976A /* Release */ = {
			isa = XCBuildConfiguration;
			buildSettings = {
				ASSETCATALOG_COMPILER_APPICON_NAME = AppIcon;
				ASSETCATALOG_COMPILER_GLOBAL_ACCENT_COLOR_NAME = AccentColor;
				CODE_SIGN_STYLE = Automatic;
				CURRENT_PROJECT_VERSION = 1;
				DEVELOPMENT_TEAM = RPD5SKQZ8T;
				GENERATE_INFOPLIST_FILE = YES;
				INFOPLIST_FILE = UnplashWithCache/Info.plist;
				INFOPLIST_KEY_CFBundleDisplayName = Unplash;
				INFOPLIST_KEY_UIApplicationSupportsIndirectInputEvents = YES;
				INFOPLIST_KEY_UILaunchStoryboardName = LaunchScreen;
				INFOPLIST_KEY_UIMainStoryboardFile = Main;
				INFOPLIST_KEY_UISupportedInterfaceOrientations_iPad = "UIInterfaceOrientationPortrait UIInterfaceOrientationPortraitUpsideDown UIInterfaceOrientationLandscapeLeft UIInterfaceOrientationLandscapeRight";
				INFOPLIST_KEY_UISupportedInterfaceOrientations_iPhone = "UIInterfaceOrientationPortrait UIInterfaceOrientationLandscapeLeft UIInterfaceOrientationLandscapeRight";
				LD_RUNPATH_SEARCH_PATHS = (
					"$(inherited)",
					"@executable_path/Frameworks",
				);
				MARKETING_VERSION = 1.0;
				PRODUCT_BUNDLE_IDENTIFIER = com.rafiulhasan.UnplashWithCache;
				PRODUCT_NAME = "$(TARGET_NAME)";
				SWIFT_EMIT_LOC_STRINGS = YES;
				SWIFT_VERSION = 5.0;
				TARGETED_DEVICE_FAMILY = "1,2";
			};
			name = Release;
		};
		B1E1838E2A10A37B0073976A /* Debug */ = {
			isa = XCBuildConfiguration;
			buildSettings = {
				ALWAYS_EMBED_SWIFT_STANDARD_LIBRARIES = YES;
				BUNDLE_LOADER = "$(TEST_HOST)";
				CODE_SIGN_STYLE = Automatic;
				CURRENT_PROJECT_VERSION = 1;
				DEVELOPMENT_TEAM = RPD5SKQZ8T;
				GENERATE_INFOPLIST_FILE = YES;
				IPHONEOS_DEPLOYMENT_TARGET = 16.2;
				MARKETING_VERSION = 1.0;
				PRODUCT_BUNDLE_IDENTIFIER = com.rafiulhasan.UnplashWithCacheTests;
				PRODUCT_NAME = "$(TARGET_NAME)";
				SWIFT_EMIT_LOC_STRINGS = NO;
				SWIFT_VERSION = 5.0;
				TARGETED_DEVICE_FAMILY = "1,2";
				TEST_HOST = "$(BUILT_PRODUCTS_DIR)/UnplashWithCache.app/$(BUNDLE_EXECUTABLE_FOLDER_PATH)/UnplashWithCache";
			};
			name = Debug;
		};
		B1E1838F2A10A37B0073976A /* Release */ = {
			isa = XCBuildConfiguration;
			buildSettings = {
				ALWAYS_EMBED_SWIFT_STANDARD_LIBRARIES = YES;
				BUNDLE_LOADER = "$(TEST_HOST)";
				CODE_SIGN_STYLE = Automatic;
				CURRENT_PROJECT_VERSION = 1;
				DEVELOPMENT_TEAM = RPD5SKQZ8T;
				GENERATE_INFOPLIST_FILE = YES;
				IPHONEOS_DEPLOYMENT_TARGET = 16.2;
				MARKETING_VERSION = 1.0;
				PRODUCT_BUNDLE_IDENTIFIER = com.rafiulhasan.UnplashWithCacheTests;
				PRODUCT_NAME = "$(TARGET_NAME)";
				SWIFT_EMIT_LOC_STRINGS = NO;
				SWIFT_VERSION = 5.0;
				TARGETED_DEVICE_FAMILY = "1,2";
				TEST_HOST = "$(BUILT_PRODUCTS_DIR)/UnplashWithCache.app/$(BUNDLE_EXECUTABLE_FOLDER_PATH)/UnplashWithCache";
			};
			name = Release;
		};
		B1E183912A10A37B0073976A /* Debug */ = {
			isa = XCBuildConfiguration;
			buildSettings = {
				ALWAYS_EMBED_SWIFT_STANDARD_LIBRARIES = YES;
				CODE_SIGN_STYLE = Automatic;
				CURRENT_PROJECT_VERSION = 1;
				DEVELOPMENT_TEAM = RPD5SKQZ8T;
				GENERATE_INFOPLIST_FILE = YES;
				MARKETING_VERSION = 1.0;
				PRODUCT_BUNDLE_IDENTIFIER = com.rafiulhasan.UnplashWithCacheUITests;
				PRODUCT_NAME = "$(TARGET_NAME)";
				SWIFT_EMIT_LOC_STRINGS = NO;
				SWIFT_VERSION = 5.0;
				TARGETED_DEVICE_FAMILY = "1,2";
				TEST_TARGET_NAME = UnplashWithCache;
			};
			name = Debug;
		};
		B1E183922A10A37B0073976A /* Release */ = {
			isa = XCBuildConfiguration;
			buildSettings = {
				ALWAYS_EMBED_SWIFT_STANDARD_LIBRARIES = YES;
				CODE_SIGN_STYLE = Automatic;
				CURRENT_PROJECT_VERSION = 1;
				DEVELOPMENT_TEAM = RPD5SKQZ8T;
				GENERATE_INFOPLIST_FILE = YES;
				MARKETING_VERSION = 1.0;
				PRODUCT_BUNDLE_IDENTIFIER = com.rafiulhasan.UnplashWithCacheUITests;
				PRODUCT_NAME = "$(TARGET_NAME)";
				SWIFT_EMIT_LOC_STRINGS = NO;
				SWIFT_VERSION = 5.0;
				TARGETED_DEVICE_FAMILY = "1,2";
				TEST_TARGET_NAME = UnplashWithCache;
			};
			name = Release;
		};
/* End XCBuildConfiguration section */

/* Begin XCConfigurationList section */
		B1E1835B2A10A3780073976A /* Build configuration list for PBXProject "UnplashWithCache" */ = {
			isa = XCConfigurationList;
			buildConfigurations = (
				B1E183882A10A37B0073976A /* Debug */,
				B1E183892A10A37B0073976A /* Release */,
			);
			defaultConfigurationIsVisible = 0;
			defaultConfigurationName = Release;
		};
		B1E1838A2A10A37B0073976A /* Build configuration list for PBXNativeTarget "UnplashWithCache" */ = {
			isa = XCConfigurationList;
			buildConfigurations = (
				B1E1838B2A10A37B0073976A /* Debug */,
				B1E1838C2A10A37B0073976A /* Release */,
			);
			defaultConfigurationIsVisible = 0;
			defaultConfigurationName = Release;
		};
		B1E1838D2A10A37B0073976A /* Build configuration list for PBXNativeTarget "UnplashWithCacheTests" */ = {
			isa = XCConfigurationList;
			buildConfigurations = (
				B1E1838E2A10A37B0073976A /* Debug */,
				B1E1838F2A10A37B0073976A /* Release */,
			);
			defaultConfigurationIsVisible = 0;
			defaultConfigurationName = Release;
		};
		B1E183902A10A37B0073976A /* Build configuration list for PBXNativeTarget "UnplashWithCacheUITests" */ = {
			isa = XCConfigurationList;
			buildConfigurations = (
				B1E183912A10A37B0073976A /* Debug */,
				B1E183922A10A37B0073976A /* Release */,
			);
			defaultConfigurationIsVisible = 0;
			defaultConfigurationName = Release;
		};
/* End XCConfigurationList section */
	};
	rootObject = B1E183582A10A3780073976A /* Project object */;
}
